
Microsoft Visual Studio Solution File, Format Version 12.00
# Visual Studio Version 17
VisualStudioVersion = 17.14.37411.7 d17.14
MinimumVisualStudioVersion = 10.0.40219.1
Project("{FAE04EC0-301F-11D3-BF4B-00C04F79EFBC}") = "SIGNAL_DESK", "SIGNAL_DESK\SIGNAL_DESK.csproj", "{DAE9AAA0-1158-4E5F-B801-92FD8DC1E889}"
EndProject
Global
	GlobalSection(SolutionConfigurationPlatforms) = preSolution
		Debug|Any CPU = Debug|Any CPU
		Release|Any CPU = Release|Any CPU
	EndGlobalSection
	GlobalSection(ProjectConfigurationPlatforms) = postSolution
		{DAE9AAA0-1158-4E5F-B801-92FD8DC1E889}.Debug|Any CPU.ActiveCfg = Debug|Any CPU
		{DAE9AAA0-1158-4E5F-B801-92FD8DC1E889}.Debug|Any CPU.Build.0 = Debug|Any CPU
		{DAE9AAA0-1158-4E5F-B801-92FD8DC1E889}.Release|Any CPU.ActiveCfg = Release|Any CPU
		{DAE9AAA0-1158-4E5F-B801-92FD8DC1E889}.Release|Any CPU.Build.0 = Release|Any CPU
	EndGlobalSection
	GlobalSection(SolutionProperties) = preSolution
		HideSolutionNode = FALSE
	EndGlobalSection
	GlobalSection(ExtensibilityGlobals) = postSolution
		SolutionGuid = {81E579A7-F436-454A-B22E-76C0F4704951}
	EndGlobalSection
EndGlobal
